
Microsoft Visual Studio Solution File, Format Version 12.00
# Visual Studio Version 17
VisualStudioVersion = 17.11.35327.3
MinimumVisualStudioVersion = 10.0.40219.1
Project("{8BC9CEB8-8B4A-11D0-8D11-00A0C91BC942}") = "SolarSys", "SolarSys\SolarSys.vcxproj", "{6B6732BF-D666-40FF-8BCA-F8ABD9AE4AA2}"
	ProjectSection(ProjectDependencies) = postProject
		{D4C6484A-D1BE-4B87-8E32-BA5246A3EF4A} = {D4C6484A-D1BE-4B87-8E32-BA5246A3EF4A}
	EndProjectSection
EndProject
Project("{8BC9CEB8-8B4A-11D0-8D11-00A0C91BC942}") = "SolarFuel", "SolarFuel\SolarFuel.vcxproj", "{D4C6484A-D1BE-4B87-8E32-BA5246A3EF4A}"
EndProject
Project("{2150E333-8FDC-42A3-9474-1A3956D46DE8}") = "Solution Items", "Solution Items", "{73947F39-3797-4C75-B010-C5AB3E421D68}"
	ProjectSection(SolutionItems) = preProject
		.gitignore = .gitignore
		ReadMe.md = ReadMe.md
	EndProjectSection
EndProject
Project("{2150E333-8FDC-42A3-9474-1A3956D46DE8}") = "Dependencies", "Dependencies", "{E9BDB464-ED26-4B44-A542-5EBEABE047AB}"
EndProject
Project("{2150E333-8FDC-42A3-9474-1A3956D46DE8}") = "glad", "glad", "{549E29FF-E16B-4802-A59F-3690F9B7DE44}"
EndProject
Project("{2150E333-8FDC-42A3-9474-1A3956D46DE8}") = "Headers", "Headers", "{3EA2BBE3-A73B-4511-918C-970A847959AC}"
	ProjectSection(SolutionItems) = preProject
		Solution Items\Dependencies\glad\Headers\glad.hpp = Solution Items\Dependencies\glad\Headers\glad.hpp
		Solution Items\Dependencies\glad\Headers\khrplatform.hpp = Solution Items\Dependencies\glad\Headers\khrplatform.hpp
	EndProjectSection
EndProject
Project("{2150E333-8FDC-42A3-9474-1A3956D46DE8}") = "Lib", "Lib", "{6B6C6761-A65F-42DB-95D7-723E80458D3B}"
EndProject
Project("{2150E333-8FDC-42A3-9474-1A3956D46DE8}") = "Release", "Release", "{9A5FED29-3586-4195-8253-D74C1CBE56D9}"
EndProject
Project("{2150E333-8FDC-42A3-9474-1A3956D46DE8}") = "Debug", "Debug", "{7EECA23E-174E-48D3-8531-6B90578BEFAA}"
EndProject
Project("{2150E333-8FDC-42A3-9474-1A3956D46DE8}") = "x64", "x64", "{2211FFB9-952C-4EC9-957D-2159D2710646}"
	ProjectSection(SolutionItems) = preProject
		Solution Items\Dependencies\glad\Lib\Debug\x64\glad.lib = Solution Items\Dependencies\glad\Lib\Debug\x64\glad.lib
		Solution Items\Dependencies\glad\Lib\Debug\x64\glad.pdb = Solution Items\Dependencies\glad\Lib\Debug\x64\glad.pdb
	EndProjectSection
EndProject
Project("{2150E333-8FDC-42A3-9474-1A3956D46DE8}") = "x86", "x86", "{4A60F412-2496-4F54-8272-DE6F583CE318}"
	ProjectSection(SolutionItems) = preProject
		Solution Items\Dependencies\glad\Lib\Debug\x86\glad.lib = Solution Items\Dependencies\glad\Lib\Debug\x86\glad.lib
		Solution Items\Dependencies\glad\Lib\Debug\x86\glad.pdb = Solution Items\Dependencies\glad\Lib\Debug\x86\glad.pdb
	EndProjectSection
EndProject
Project("{2150E333-8FDC-42A3-9474-1A3956D46DE8}") = "x64", "x64", "{BB052271-05ED-4ABC-8397-E8E5024E8E33}"
	ProjectSection(SolutionItems) = preProject
		Solution Items\Dependencies\glad\Lib\Release\x64\glad.lib = Solution Items\Dependencies\glad\Lib\Release\x64\glad.lib
		Solution Items\Dependencies\glad\Lib\Release\x64\glad.pdb = Solution Items\Dependencies\glad\Lib\Release\x64\glad.pdb
	EndProjectSection
EndProject
Project("{2150E333-8FDC-42A3-9474-1A3956D46DE8}") = "x86", "x86", "{9E8777C9-E420-418D-86B8-2C38D3ED14A2}"
	ProjectSection(SolutionItems) = preProject
		Solution Items\Dependencies\glad\Lib\Release\x86\glad.lib = Solution Items\Dependencies\glad\Lib\Release\x86\glad.lib
		Solution Items\Dependencies\glad\Lib\Release\x86\glad.pdb = Solution Items\Dependencies\glad\Lib\Release\x86\glad.pdb
	EndProjectSection
EndProject
Project("{2150E333-8FDC-42A3-9474-1A3956D46DE8}") = "glm", "glm", "{7C770357-6849-4DAE-BD34-53CB48BA24BD}"
EndProject
Project("{2150E333-8FDC-42A3-9474-1A3956D46DE8}") = "Headers", "Headers", "{8B0AB255-281D-4203-A971-D98F435F1B73}"
EndProject
Project("{2150E333-8FDC-42A3-9474-1A3956D46DE8}") = "glm", "glm", "{F39A11AC-E582-4114-B459-7C35CB1E18A6}"
	ProjectSection(SolutionItems) = preProject
		Solution Items\Dependencies\glm\Headers\glm\common.hpp = Solution Items\Dependencies\glm\Headers\glm\common.hpp
		Solution Items\Dependencies\glm\Headers\glm\exponential.hpp = Solution Items\Dependencies\glm\Headers\glm\exponential.hpp
		Solution Items\Dependencies\glm\Headers\glm\ext.hpp = Solution Items\Dependencies\glm\Headers\glm\ext.hpp
		Solution Items\Dependencies\glm\Headers\glm\fwd.hpp = Solution Items\Dependencies\glm\Headers\glm\fwd.hpp
		Solution Items\Dependencies\glm\Headers\glm\geometric.hpp = Solution Items\Dependencies\glm\Headers\glm\geometric.hpp
		Solution Items\Dependencies\glm\Headers\glm\glm.hpp = Solution Items\Dependencies\glm\Headers\glm\glm.hpp
		Solution Items\Dependencies\glm\Headers\glm\integer.hpp = Solution Items\Dependencies\glm\Headers\glm\integer.hpp
		Solution Items\Dependencies\glm\Headers\glm\mat2x2.hpp = Solution Items\Dependencies\glm\Headers\glm\mat2x2.hpp
		Solution Items\Dependencies\glm\Headers\glm\mat2x3.hpp = Solution Items\Dependencies\glm\Headers\glm\mat2x3.hpp
		Solution Items\Dependencies\glm\Headers\glm\mat2x4.hpp = Solution Items\Dependencies\glm\Headers\glm\mat2x4.hpp
		Solution Items\Dependencies\glm\Headers\glm\mat3x2.hpp = Solution Items\Dependencies\glm\Headers\glm\mat3x2.hpp
		Solution Items\Dependencies\glm\Headers\glm\mat3x3.hpp = Solution Items\Dependencies\glm\Headers\glm\mat3x3.hpp
		Solution Items\Dependencies\glm\Headers\glm\mat3x4.hpp = Solution Items\Dependencies\glm\Headers\glm\mat3x4.hpp
		Solution Items\Dependencies\glm\Headers\glm\mat4x2.hpp = Solution Items\Dependencies\glm\Headers\glm\mat4x2.hpp
		Solution Items\Dependencies\glm\Headers\glm\mat4x3.hpp = Solution Items\Dependencies\glm\Headers\glm\mat4x3.hpp
		Solution Items\Dependencies\glm\Headers\glm\mat4x4.hpp = Solution Items\Dependencies\glm\Headers\glm\mat4x4.hpp
		Solution Items\Dependencies\glm\Headers\glm\matrix.hpp = Solution Items\Dependencies\glm\Headers\glm\matrix.hpp
		Solution Items\Dependencies\glm\Headers\glm\packing.hpp = Solution Items\Dependencies\glm\Headers\glm\packing.hpp
		Solution Items\Dependencies\glm\Headers\glm\trigonometric.hpp = Solution Items\Dependencies\glm\Headers\glm\trigonometric.hpp
		Solution Items\Dependencies\glm\Headers\glm\vec2.hpp = Solution Items\Dependencies\glm\Headers\glm\vec2.hpp
		Solution Items\Dependencies\glm\Headers\glm\vec3.hpp = Solution Items\Dependencies\glm\Headers\glm\vec3.hpp
		Solution Items\Dependencies\glm\Headers\glm\vec4.hpp = Solution Items\Dependencies\glm\Headers\glm\vec4.hpp
		Solution Items\Dependencies\glm\Headers\glm\vector_relational.hpp = Solution Items\Dependencies\glm\Headers\glm\vector_relational.hpp
	EndProjectSection
EndProject
Project("{2150E333-8FDC-42A3-9474-1A3956D46DE8}") = "detail", "detail", "{2EDD9527-871A-4E71-A231-F9F77B961158}"
	ProjectSection(SolutionItems) = preProject
		Solution Items\Dependencies\glm\Headers\glm\detail\compute_common.hpp = Solution Items\Dependencies\glm\Headers\glm\detail\compute_common.hpp
		Solution Items\Dependencies\glm\Headers\glm\detail\compute_vector_decl.hpp = Solution Items\Dependencies\glm\Headers\glm\detail\compute_vector_decl.hpp
		Solution Items\Dependencies\glm\Headers\glm\detail\compute_vector_relational.hpp = Solution Items\Dependencies\glm\Headers\glm\detail\compute_vector_relational.hpp
		Solution Items\Dependencies\glm\Headers\glm\detail\func_common.inl = Solution Items\Dependencies\glm\Headers\glm\detail\func_common.inl
		Solution Items\Dependencies\glm\Headers\glm\detail\func_common_simd.inl = Solution Items\Dependencies\glm\Headers\glm\detail\func_common_simd.inl
		Solution Items\Dependencies\glm\Headers\glm\detail\func_exponential.inl = Solution Items\Dependencies\glm\Headers\glm\detail\func_exponential.inl
		Solution Items\Dependencies\glm\Headers\glm\detail\func_exponential_simd.inl = Solution Items\Dependencies\glm\Headers\glm\detail\func_exponential_simd.inl
		Solution Items\Dependencies\glm\Headers\glm\detail\func_geometric.inl = Solution Items\Dependencies\glm\Headers\glm\detail\func_geometric.inl
		Solution Items\Dependencies\glm\Headers\glm\detail\func_geometric_simd.inl = Solution Items\Dependencies\glm\Headers\glm\detail\func_geometric_simd.inl
		Solution Items\Dependencies\glm\Headers\glm\detail\func_integer.inl = Solution Items\Dependencies\glm\Headers\glm\detail\func_integer.inl
		Solution Items\Dependencies\glm\Headers\glm\detail\func_integer_simd.inl = Solution Items\Dependencies\glm\Headers\glm\detail\func_integer_simd.inl
		Solution Items\Dependencies\glm\Headers\glm\detail\func_matrix.inl = Solution Items\Dependencies\glm\Headers\glm\detail\func_matrix.inl
		Solution Items\Dependencies\glm\Headers\glm\detail\func_matrix_simd.inl = Solution Items\Dependencies\glm\Headers\glm\detail\func_matrix_simd.inl
		Solution Items\Dependencies\glm\Headers\glm\detail\func_packing.inl = Solution Items\Dependencies\glm\Headers\glm\detail\func_packing.inl
		Solution Items\Dependencies\glm\Headers\glm\detail\func_packing_simd.inl = Solution Items\Dependencies\glm\Headers\glm\detail\func_packing_simd.inl
		Solution Items\Dependencies\glm\Headers\glm\detail\func_trigonometric.inl = Solution Items\Dependencies\glm\Headers\glm\detail\func_trigonometric.inl
		Solution Items\Dependencies\glm\Headers\glm\detail\func_trigonometric_simd.inl = Solution Items\Dependencies\glm\Headers\glm\detail\func_trigonometric_simd.inl
		Solution Items\Dependencies\glm\Headers\glm\detail\func_vector_relational.inl = Solution Items\Dependencies\glm\Headers\glm\detail\func_vector_relational.inl
		Solution Items\Dependencies\glm\Headers\glm\detail\func_vector_relational_simd.inl = Solution Items\Dependencies\glm\Headers\glm\detail\func_vector_relational_simd.inl
		Solution Items\Dependencies\glm\Headers\glm\detail\qualifier.hpp = Solution Items\Dependencies\glm\Headers\glm\detail\qualifier.hpp
		Solution Items\Dependencies\glm\Headers\glm\detail\setup.hpp = Solution Items\Dependencies\glm\Headers\glm\detail\setup.hpp
		Solution Items\Dependencies\glm\Headers\glm\detail\type_float.hpp = Solution Items\Dependencies\glm\Headers\glm\detail\type_float.hpp
		Solution Items\Dependencies\glm\Headers\glm\detail\type_half.hpp = Solution Items\Dependencies\glm\Headers\glm\detail\type_half.hpp
		Solution Items\Dependencies\glm\Headers\glm\detail\type_half.inl = Solution Items\Dependencies\glm\Headers\glm\detail\type_half.inl
		Solution Items\Dependencies\glm\Headers\glm\detail\type_mat2x2.hpp = Solution Items\Dependencies\glm\Headers\glm\detail\type_mat2x2.hpp
		Solution Items\Dependencies\glm\Headers\glm\detail\type_mat2x2.inl = Solution Items\Dependencies\glm\Headers\glm\detail\type_mat2x2.inl
		Solution Items\Dependencies\glm\Headers\glm\detail\type_mat2x3.hpp = Solution Items\Dependencies\glm\Headers\glm\detail\type_mat2x3.hpp
		Solution Items\Dependencies\glm\Headers\glm\detail\type_mat2x3.inl = Solution Items\Dependencies\glm\Headers\glm\detail\type_mat2x3.inl
		Solution Items\Dependencies\glm\Headers\glm\detail\type_mat2x4.hpp = Solution Items\Dependencies\glm\Headers\glm\detail\type_mat2x4.hpp
		Solution Items\Dependencies\glm\Headers\glm\detail\type_mat2x4.inl = Solution Items\Dependencies\glm\Headers\glm\detail\type_mat2x4.inl
		Solution Items\Dependencies\glm\Headers\glm\detail\type_mat3x2.hpp = Solution Items\Dependencies\glm\Headers\glm\detail\type_mat3x2.hpp
		Solution Items\Dependencies\glm\Headers\glm\detail\type_mat3x2.inl = Solution Items\Dependencies\glm\Headers\glm\detail\type_mat3x2.inl
		Solution Items\Dependencies\glm\Headers\glm\detail\type_mat3x3.hpp = Solution Items\Dependencies\glm\Headers\glm\detail\type_mat3x3.hpp
		Solution Items\Dependencies\glm\Headers\glm\detail\type_mat3x3.inl = Solution Items\Dependencies\glm\Headers\glm\detail\type_mat3x3.inl
		Solution Items\Dependencies\glm\Headers\glm\detail\type_mat3x4.hpp = Solution Items\Dependencies\glm\Headers\glm\detail\type_mat3x4.hpp
		Solution Items\Dependencies\glm\Headers\glm\detail\type_mat3x4.inl = Solution Items\Dependencies\glm\Headers\glm\detail\type_mat3x4.inl
		Solution Items\Dependencies\glm\Headers\glm\detail\type_mat4x2.hpp = Solution Items\Dependencies\glm\Headers\glm\detail\type_mat4x2.hpp
		Solution Items\Dependencies\glm\Headers\glm\detail\type_mat4x2.inl = Solution Items\Dependencies\glm\Headers\glm\detail\type_mat4x2.inl
		Solution Items\Dependencies\glm\Headers\glm\detail\type_mat4x3.hpp = Solution Items\Dependencies\glm\Headers\glm\detail\type_mat4x3.hpp
		Solution Items\Dependencies\glm\Headers\glm\detail\type_mat4x3.inl = Solution Items\Dependencies\glm\Headers\glm\detail\type_mat4x3.inl
		Solution Items\Dependencies\glm\Headers\glm\detail\type_mat4x4.hpp = Solution Items\Dependencies\glm\Headers\glm\detail\type_mat4x4.hpp
		Solution Items\Dependencies\glm\Headers\glm\detail\type_mat4x4.inl = Solution Items\Dependencies\glm\Headers\glm\detail\type_mat4x4.inl
		Solution Items\Dependencies\glm\Headers\glm\detail\type_mat4x4_simd.inl = Solution Items\Dependencies\glm\Headers\glm\detail\type_mat4x4_simd.inl
		Solution Items\Dependencies\glm\Headers\glm\detail\type_quat.hpp = Solution Items\Dependencies\glm\Headers\glm\detail\type_quat.hpp
		Solution Items\Dependencies\glm\Headers\glm\detail\type_quat.inl = Solution Items\Dependencies\glm\Headers\glm\detail\type_quat.inl
		Solution Items\Dependencies\glm\Headers\glm\detail\type_quat_simd.inl = Solution Items\Dependencies\glm\Headers\glm\detail\type_quat_simd.inl
		Solution Items\Dependencies\glm\Headers\glm\detail\type_vec1.hpp = Solution Items\Dependencies\glm\Headers\glm\detail\type_vec1.hpp
		Solution Items\Dependencies\glm\Headers\glm\detail\type_vec1.inl = Solution Items\Dependencies\glm\Headers\glm\detail\type_vec1.inl
		Solution Items\Dependencies\glm\Headers\glm\detail\type_vec2.hpp = Solution Items\Dependencies\glm\Headers\glm\detail\type_vec2.hpp
		Solution Items\Dependencies\glm\Headers\glm\detail\type_vec2.inl = Solution Items\Dependencies\glm\Headers\glm\detail\type_vec2.inl
		Solution Items\Dependencies\glm\Headers\glm\detail\type_vec3.hpp = Solution Items\Dependencies\glm\Headers\glm\detail\type_vec3.hpp
		Solution Items\Dependencies\glm\Headers\glm\detail\type_vec3.inl = Solution Items\Dependencies\glm\Headers\glm\detail\type_vec3.inl
		Solution Items\Dependencies\glm\Headers\glm\detail\type_vec4.hpp = Solution Items\Dependencies\glm\Headers\glm\detail\type_vec4.hpp
		Solution Items\Dependencies\glm\Headers\glm\detail\type_vec4.inl = Solution Items\Dependencies\glm\Headers\glm\detail\type_vec4.inl
		Solution Items\Dependencies\glm\Headers\glm\detail\type_vec_simd.inl = Solution Items\Dependencies\glm\Headers\glm\detail\type_vec_simd.inl
		Solution Items\Dependencies\glm\Headers\glm\detail\_features.hpp = Solution Items\Dependencies\glm\Headers\glm\detail\_features.hpp
		Solution Items\Dependencies\glm\Headers\glm\detail\_fixes.hpp = Solution Items\Dependencies\glm\Headers\glm\detail\_fixes.hpp
		Solution Items\Dependencies\glm\Headers\glm\detail\_noise.hpp = Solution Items\Dependencies\glm\Headers\glm\detail\_noise.hpp
		Solution Items\Dependencies\glm\Headers\glm\detail\_swizzle.hpp = Solution Items\Dependencies\glm\Headers\glm\detail\_swizzle.hpp
		Solution Items\Dependencies\glm\Headers\glm\detail\_swizzle_func.hpp = Solution Items\Dependencies\glm\Headers\glm\detail\_swizzle_func.hpp
		Solution Items\Dependencies\glm\Headers\glm\detail\_vectorize.hpp = Solution Items\Dependencies\glm\Headers\glm\detail\_vectorize.hpp
	EndProjectSection
EndProject
Project("{2150E333-8FDC-42A3-9474-1A3956D46DE8}") = "ext", "ext", "{9F700C41-033F-4F8A-BD53-97E40EA0F7A9}"
	ProjectSection(SolutionItems) = preProject
		Solution Items\Dependencies\glm\Headers\glm\ext\matrix_clip_space.hpp = Solution Items\Dependencies\glm\Headers\glm\ext\matrix_clip_space.hpp
		Solution Items\Dependencies\glm\Headers\glm\ext\matrix_clip_space.inl = Solution Items\Dependencies\glm\Headers\glm\ext\matrix_clip_space.inl
		Solution Items\Dependencies\glm\Headers\glm\ext\matrix_common.hpp = Solution Items\Dependencies\glm\Headers\glm\ext\matrix_common.hpp
		Solution Items\Dependencies\glm\Headers\glm\ext\matrix_common.inl = Solution Items\Dependencies\glm\Headers\glm\ext\matrix_common.inl
		Solution Items\Dependencies\glm\Headers\glm\ext\matrix_double2x2.hpp = Solution Items\Dependencies\glm\Headers\glm\ext\matrix_double2x2.hpp
		Solution Items\Dependencies\glm\Headers\glm\ext\matrix_double2x2_precision.hpp = Solution Items\Dependencies\glm\Headers\glm\ext\matrix_double2x2_precision.hpp
		Solution Items\Dependencies\glm\Headers\glm\ext\matrix_double2x3.hpp = Solution Items\Dependencies\glm\Headers\glm\ext\matrix_double2x3.hpp
		Solution Items\Dependencies\glm\Headers\glm\ext\matrix_double2x3_precision.hpp = Solution Items\Dependencies\glm\Headers\glm\ext\matrix_double2x3_precision.hpp
		Solution Items\Dependencies\glm\Headers\glm\ext\matrix_double2x4.hpp = Solution Items\Dependencies\glm\Headers\glm\ext\matrix_double2x4.hpp
		Solution Items\Dependencies\glm\Headers\glm\ext\matrix_double2x4_precision.hpp = Solution Items\Dependencies\glm\Headers\glm\ext\matrix_double2x4_precision.hpp
		Solution Items\Dependencies\glm\Headers\glm\ext\matrix_double3x2.hpp = Solution Items\Dependencies\glm\Headers\glm\ext\matrix_double3x2.hpp
		Solution Items\Dependencies\glm\Headers\glm\ext\matrix_double3x2_precision.hpp = Solution Items\Dependencies\glm\Headers\glm\ext\matrix_double3x2_precision.hpp
		Solution Items\Dependencies\glm\Headers\glm\ext\matrix_double3x3.hpp = Solution Items\Dependencies\glm\Headers\glm\ext\matrix_double3x3.hpp
		Solution Items\Dependencies\glm\Headers\glm\ext\matrix_double3x3_precision.hpp = Solution Items\Dependencies\glm\Headers\glm\ext\matrix_double3x3_precision.hpp
		Solution Items\Dependencies\glm\Headers\glm\ext\matrix_double3x4.hpp = Solution Items\Dependencies\glm\Headers\glm\ext\matrix_double3x4.hpp
		Solution Items\Dependencies\glm\Headers\glm\ext\matrix_double3x4_precision.hpp = Solution Items\Dependencies\glm\Headers\glm\ext\matrix_double3x4_precision.hpp
		Solution Items\Dependencies\glm\Headers\glm\ext\matrix_double4x2.hpp = Solution Items\Dependencies\glm\Headers\glm\ext\matrix_double4x2.hpp
		Solution Items\Dependencies\glm\Headers\glm\ext\matrix_double4x2_precision.hpp = Solution Items\Dependencies\glm\Headers\glm\ext\matrix_double4x2_precision.hpp
		Solution Items\Dependencies\glm\Headers\glm\ext\matrix_double4x3.hpp = Solution Items\Dependencies\glm\Headers\glm\ext\matrix_double4x3.hpp
		Solution Items\Dependencies\glm\Headers\glm\ext\matrix_double4x3_precision.hpp = Solution Items\Dependencies\glm\Headers\glm\ext\matrix_double4x3_precision.hpp
		Solution Items\Dependencies\glm\Headers\glm\ext\matrix_double4x4.hpp = Solution Items\Dependencies\glm\Headers\glm\ext\matrix_double4x4.hpp
		Solution Items\Dependencies\glm\Headers\glm\ext\matrix_double4x4_precision.hpp = Solution Items\Dependencies\glm\Headers\glm\ext\matrix_double4x4_precision.hpp
		Solution Items\Dependencies\glm\Headers\glm\ext\matrix_float2x2.hpp = Solution Items\Dependencies\glm\Headers\glm\ext\matrix_float2x2.hpp
		Solution Items\Dependencies\glm\Headers\glm\ext\matrix_float2x2_precision.hpp = Solution Items\Dependencies\glm\Headers\glm\ext\matrix_float2x2_precision.hpp
		Solution Items\Dependencies\glm\Headers\glm\ext\matrix_float2x3.hpp = Solution Items\Dependencies\glm\Headers\glm\ext\matrix_float2x3.hpp
		Solution Items\Dependencies\glm\Headers\glm\ext\matrix_float2x3_precision.hpp = Solution Items\Dependencies\glm\Headers\glm\ext\matrix_float2x3_precision.hpp
		Solution Items\Dependencies\glm\Headers\glm\ext\matrix_float2x4.hpp = Solution Items\Dependencies\glm\Headers\glm\ext\matrix_float2x4.hpp
		Solution Items\Dependencies\glm\Headers\glm\ext\matrix_float2x4_precision.hpp = Solution Items\Dependencies\glm\Headers\glm\ext\matrix_float2x4_precision.hpp
		Solution Items\Dependencies\glm\Headers\glm\ext\matrix_float3x2.hpp = Solution Items\Dependencies\glm\Headers\glm\ext\matrix_float3x2.hpp
		Solution Items\Dependencies\glm\Headers\glm\ext\matrix_float3x2_precision.hpp = Solution Items\Dependencies\glm\Headers\glm\ext\matrix_float3x2_precision.hpp
		Solution Items\Dependencies\glm\Headers\glm\ext\matrix_float3x3.hpp = Solution Items\Dependencies\glm\Headers\glm\ext\matrix_float3x3.hpp
		Solution Items\Dependencies\glm\Headers\glm\ext\matrix_float3x3_precision.hpp = Solution Items\Dependencies\glm\Headers\glm\ext\matrix_float3x3_precision.hpp
		Solution Items\Dependencies\glm\Headers\glm\ext\matrix_float3x4.hpp = Solution Items\Dependencies\glm\Headers\glm\ext\matrix_float3x4.hpp
		Solution Items\Dependencies\glm\Headers\glm\ext\matrix_float3x4_precision.hpp = Solution Items\Dependencies\glm\Headers\glm\ext\matrix_float3x4_precision.hpp
		Solution Items\Dependencies\glm\Headers\glm\ext\matrix_float4x2.hpp = Solution Items\Dependencies\glm\Headers\glm\ext\matrix_float4x2.hpp
		Solution Items\Dependencies\glm\Headers\glm\ext\matrix_float4x2_precision.hpp = Solution Items\Dependencies\glm\Headers\glm\ext\matrix_float4x2_precision.hpp
		Solution Items\Dependencies\glm\Headers\glm\ext\matrix_float4x3.hpp = Solution Items\Dependencies\glm\Headers\glm\ext\matrix_float4x3.hpp
		Solution Items\Dependencies\glm\Headers\glm\ext\matrix_float4x3_precision.hpp = Solution Items\Dependencies\glm\Headers\glm\ext\matrix_float4x3_precision.hpp
		Solution Items\Dependencies\glm\Headers\glm\ext\matrix_float4x4.hpp = Solution Items\Dependencies\glm\Headers\glm\ext\matrix_float4x4.hpp
		Solution Items\Dependencies\glm\Headers\glm\ext\matrix_float4x4_precision.hpp = Solution Items\Dependencies\glm\Headers\glm\ext\matrix_float4x4_precision.hpp
		Solution Items\Dependencies\glm\Headers\glm\ext\matrix_int2x2.hpp = Solution Items\Dependencies\glm\Headers\glm\ext\matrix_int2x2.hpp
		Solution Items\Dependencies\glm\Headers\glm\ext\matrix_int2x2_sized.hpp = Solution Items\Dependencies\glm\Headers\glm\ext\matrix_int2x2_sized.hpp
		Solution Items\Dependencies\glm\Headers\glm\ext\matrix_int2x3.hpp = Solution Items\Dependencies\glm\Headers\glm\ext\matrix_int2x3.hpp
		Solution Items\Dependencies\glm\Headers\glm\ext\matrix_int2x3_sized.hpp = Solution Items\Dependencies\glm\Headers\glm\ext\matrix_int2x3_sized.hpp
		Solution Items\Dependencies\glm\Headers\glm\ext\matrix_int2x4.hpp = Solution Items\Dependencies\glm\Headers\glm\ext\matrix_int2x4.hpp
		Solution Items\Dependencies\glm\Headers\glm\ext\matrix_int2x4_sized.hpp = Solution Items\Dependencies\glm\Headers\glm\ext\matrix_int2x4_sized.hpp
		Solution Items\Dependencies\glm\Headers\glm\ext\matrix_int3x2.hpp = Solution Items\Dependencies\glm\Headers\glm\ext\matrix_int3x2.hpp
		Solution Items\Dependencies\glm\Headers\glm\ext\matrix_int3x2_sized.hpp = Solution Items\Dependencies\glm\Headers\glm\ext\matrix_int3x2_sized.hpp
		Solution Items\Dependencies\glm\Headers\glm\ext\matrix_int3x3.hpp = Solution Items\Dependencies\glm\Headers\glm\ext\matrix_int3x3.hpp
		Solution Items\Dependencies\glm\Headers\glm\ext\matrix_int3x3_sized.hpp = Solution Items\Dependencies\glm\Headers\glm\ext\matrix_int3x3_sized.hpp
		Solution Items\Dependencies\glm\Headers\glm\ext\matrix_int3x4.hpp = Solution Items\Dependencies\glm\Headers\glm\ext\matrix_int3x4.hpp
		Solution Items\Dependencies\glm\Headers\glm\ext\matrix_int3x4_sized.hpp = Solution Items\Dependencies\glm\Headers\glm\ext\matrix_int3x4_sized.hpp
		Solution Items\Dependencies\glm\Headers\glm\ext\matrix_int4x2.hpp = Solution Items\Dependencies\glm\Headers\glm\ext\matrix_int4x2.hpp
		Solution Items\Dependencies\glm\Headers\glm\ext\matrix_int4x2_sized.hpp = Solution Items\Dependencies\glm\Headers\glm\ext\matrix_int4x2_sized.hpp
		Solution Items\Dependencies\glm\Headers\glm\ext\matrix_int4x3.hpp = Solution Items\Dependencies\glm\Headers\glm\ext\matrix_int4x3.hpp
		Solution Items\Dependencies\glm\Headers\glm\ext\matrix_int4x3_sized.hpp = Solution Items\Dependencies\glm\Headers\glm\ext\matrix_int4x3_sized.hpp
		Solution Items\Dependencies\glm\Headers\glm\ext\matrix_int4x4.hpp = Solution Items\Dependencies\glm\Headers\glm\ext\matrix_int4x4.hpp
		Solution Items\Dependencies\glm\Headers\glm\ext\matrix_int4x4_sized.hpp = Solution Items\Dependencies\glm\Headers\glm\ext\matrix_int4x4_sized.hpp
		Solution Items\Dependencies\glm\Headers\glm\ext\matrix_integer.hpp = Solution Items\Dependencies\glm\Headers\glm\ext\matrix_integer.hpp
		Solution Items\Dependencies\glm\Headers\glm\ext\matrix_integer.inl = Solution Items\Dependencies\glm\Headers\glm\ext\matrix_integer.inl
		Solution Items\Dependencies\glm\Headers\glm\ext\matrix_projection.hpp = Solution Items\Dependencies\glm\Headers\glm\ext\matrix_projection.hpp
		Solution Items\Dependencies\glm\Headers\glm\ext\matrix_projection.inl = Solution Items\Dependencies\glm\Headers\glm\ext\matrix_projection.inl
		Solution Items\Dependencies\glm\Headers\glm\ext\matrix_relational.hpp = Solution Items\Dependencies\glm\Headers\glm\ext\matrix_relational.hpp
		Solution Items\Dependencies\glm\Headers\glm\ext\matrix_relational.inl = Solution Items\Dependencies\glm\Headers\glm\ext\matrix_relational.inl
		Solution Items\Dependencies\glm\Headers\glm\ext\matrix_transform.hpp = Solution Items\Dependencies\glm\Headers\glm\ext\matrix_transform.hpp
		Solution Items\Dependencies\glm\Headers\glm\ext\matrix_transform.inl = Solution Items\Dependencies\glm\Headers\glm\ext\matrix_transform.inl
		Solution Items\Dependencies\glm\Headers\glm\ext\matrix_uint2x2.hpp = Solution Items\Dependencies\glm\Headers\glm\ext\matrix_uint2x2.hpp
		Solution Items\Dependencies\glm\Headers\glm\ext\matrix_uint2x2_sized.hpp = Solution Items\Dependencies\glm\Headers\glm\ext\matrix_uint2x2_sized.hpp
		Solution Items\Dependencies\glm\Headers\glm\ext\matrix_uint2x3.hpp = Solution Items\Dependencies\glm\Headers\glm\ext\matrix_uint2x3.hpp
		Solution Items\Dependencies\glm\Headers\glm\ext\matrix_uint2x3_sized.hpp = Solution Items\Dependencies\glm\Headers\glm\ext\matrix_uint2x3_sized.hpp
		Solution Items\Dependencies\glm\Headers\glm\ext\matrix_uint2x4.hpp = Solution Items\Dependencies\glm\Headers\glm\ext\matrix_uint2x4.hpp
		Solution Items\Dependencies\glm\Headers\glm\ext\matrix_uint2x4_sized.hpp = Solution Items\Dependencies\glm\Headers\glm\ext\matrix_uint2x4_sized.hpp
		Solution Items\Dependencies\glm\Headers\glm\ext\matrix_uint3x2.hpp = Solution Items\Dependencies\glm\Headers\glm\ext\matrix_uint3x2.hpp
		Solution Items\Dependencies\glm\Headers\glm\ext\matrix_uint3x2_sized.hpp = Solution Items\Dependencies\glm\Headers\glm\ext\matrix_uint3x2_sized.hpp
		Solution Items\Dependencies\glm\Headers\glm\ext\matrix_uint3x3.hpp = Solution Items\Dependencies\glm\Headers\glm\ext\matrix_uint3x3.hpp
		Solution Items\Dependencies\glm\Headers\glm\ext\matrix_uint3x3_sized.hpp = Solution Items\Dependencies\glm\Headers\glm\ext\matrix_uint3x3_sized.hpp
		Solution Items\Dependencies\glm\Headers\glm\ext\matrix_uint3x4.hpp = Solution Items\Dependencies\glm\Headers\glm\ext\matrix_uint3x4.hpp
		Solution Items\Dependencies\glm\Headers\glm\ext\matrix_uint3x4_sized.hpp = Solution Items\Dependencies\glm\Headers\glm\ext\matrix_uint3x4_sized.hpp
		Solution Items\Dependencies\glm\Headers\glm\ext\matrix_uint4x2.hpp = Solution Items\Dependencies\glm\Headers\glm\ext\matrix_uint4x2.hpp
		Solution Items\Dependencies\glm\Headers\glm\ext\matrix_uint4x2_sized.hpp = Solution Items\Dependencies\glm\Headers\glm\ext\matrix_uint4x2_sized.hpp
		Solution Items\Dependencies\glm\Headers\glm\ext\matrix_uint4x3.hpp = Solution Items\Dependencies\glm\Headers\glm\ext\matrix_uint4x3.hpp
		Solution Items\Dependencies\glm\Headers\glm\ext\matrix_uint4x3_sized.hpp = Solution Items\Dependencies\glm\Headers\glm\ext\matrix_uint4x3_sized.hpp
		Solution Items\Dependencies\glm\Headers\glm\ext\matrix_uint4x4.hpp = Solution Items\Dependencies\glm\Headers\glm\ext\matrix_uint4x4.hpp
		Solution Items\Dependencies\glm\Headers\glm\ext\matrix_uint4x4_sized.hpp = Solution Items\Dependencies\glm\Headers\glm\ext\matrix_uint4x4_sized.hpp
		Solution Items\Dependencies\glm\Headers\glm\ext\quaternion_common.hpp = Solution Items\Dependencies\glm\Headers\glm\ext\quaternion_common.hpp
		Solution Items\Dependencies\glm\Headers\glm\ext\quaternion_common.inl = Solution Items\Dependencies\glm\Headers\glm\ext\quaternion_common.inl
		Solution Items\Dependencies\glm\Headers\glm\ext\quaternion_common_simd.inl = Solution Items\Dependencies\glm\Headers\glm\ext\quaternion_common_simd.inl
		Solution Items\Dependencies\glm\Headers\glm\ext\quaternion_double.hpp = Solution Items\Dependencies\glm\Headers\glm\ext\quaternion_double.hpp
		Solution Items\Dependencies\glm\Headers\glm\ext\quaternion_double_precision.hpp = Solution Items\Dependencies\glm\Headers\glm\ext\quaternion_double_precision.hpp
		Solution Items\Dependencies\glm\Headers\glm\ext\quaternion_exponential.hpp = Solution Items\Dependencies\glm\Headers\glm\ext\quaternion_exponential.hpp
		Solution Items\Dependencies\glm\Headers\glm\ext\quaternion_exponential.inl = Solution Items\Dependencies\glm\Headers\glm\ext\quaternion_exponential.inl
		Solution Items\Dependencies\glm\Headers\glm\ext\quaternion_float.hpp = Solution Items\Dependencies\glm\Headers\glm\ext\quaternion_float.hpp
		Solution Items\Dependencies\glm\Headers\glm\ext\quaternion_float_precision.hpp = Solution Items\Dependencies\glm\Headers\glm\ext\quaternion_float_precision.hpp
		Solution Items\Dependencies\glm\Headers\glm\ext\quaternion_geometric.hpp = Solution Items\Dependencies\glm\Headers\glm\ext\quaternion_geometric.hpp
		Solution Items\Dependencies\glm\Headers\glm\ext\quaternion_geometric.inl = Solution Items\Dependencies\glm\Headers\glm\ext\quaternion_geometric.inl
		Solution Items\Dependencies\glm\Headers\glm\ext\quaternion_relational.hpp = Solution Items\Dependencies\glm\Headers\glm\ext\quaternion_relational.hpp
		Solution Items\Dependencies\glm\Headers\glm\ext\quaternion_relational.inl = Solution Items\Dependencies\glm\Headers\glm\ext\quaternion_relational.inl
		Solution Items\Dependencies\glm\Headers\glm\ext\quaternion_transform.hpp = Solution Items\Dependencies\glm\Headers\glm\ext\quaternion_transform.hpp
		Solution Items\Dependencies\glm\Headers\glm\ext\quaternion_transform.inl = Solution Items\Dependencies\glm\Headers\glm\ext\quaternion_transform.inl
		Solution Items\Dependencies\glm\Headers\glm\ext\quaternion_trigonometric.hpp = Solution Items\Dependencies\glm\Headers\glm\ext\quaternion_trigonometric.hpp
		Solution Items\Dependencies\glm\Headers\glm\ext\quaternion_trigonometric.inl = Solution Items\Dependencies\glm\Headers\glm\ext\quaternion_trigonometric.inl
		Solution Items\Dependencies\glm\Headers\glm\ext\scalar_common.hpp = Solution Items\Dependencies\glm\Headers\glm\ext\scalar_common.hpp
		Solution Items\Dependencies\glm\Headers\glm\ext\scalar_common.inl = Solution Items\Dependencies\glm\Headers\glm\ext\scalar_common.inl
		Solution Items\Dependencies\glm\Headers\glm\ext\scalar_constants.hpp = Solution Items\Dependencies\glm\Headers\glm\ext\scalar_constants.hpp
		Solution Items\Dependencies\glm\Headers\glm\ext\scalar_constants.inl = Solution Items\Dependencies\glm\Headers\glm\ext\scalar_constants.inl
		Solution Items\Dependencies\glm\Headers\glm\ext\scalar_integer.hpp = Solution Items\Dependencies\glm\Headers\glm\ext\scalar_integer.hpp
		Solution Items\Dependencies\glm\Headers\glm\ext\scalar_integer.inl = Solution Items\Dependencies\glm\Headers\glm\ext\scalar_integer.inl
		Solution Items\Dependencies\glm\Headers\glm\ext\scalar_int_sized.hpp = Solution Items\Dependencies\glm\Headers\glm\ext\scalar_int_sized.hpp
		Solution Items\Dependencies\glm\Headers\glm\ext\scalar_packing.hpp = Solution Items\Dependencies\glm\Headers\glm\ext\scalar_packing.hpp
		Solution Items\Dependencies\glm\Headers\glm\ext\scalar_packing.inl = Solution Items\Dependencies\glm\Headers\glm\ext\scalar_packing.inl
		Solution Items\Dependencies\glm\Headers\glm\ext\scalar_reciprocal.hpp = Solution Items\Dependencies\glm\Headers\glm\ext\scalar_reciprocal.hpp
		Solution Items\Dependencies\glm\Headers\glm\ext\scalar_reciprocal.inl = Solution Items\Dependencies\glm\Headers\glm\ext\scalar_reciprocal.inl
		Solution Items\Dependencies\glm\Headers\glm\ext\scalar_relational.hpp = Solution Items\Dependencies\glm\Headers\glm\ext\scalar_relational.hpp
		Solution Items\Dependencies\glm\Headers\glm\ext\scalar_relational.inl = Solution Items\Dependencies\glm\Headers\glm\ext\scalar_relational.inl
		Solution Items\Dependencies\glm\Headers\glm\ext\scalar_uint_sized.hpp = Solution Items\Dependencies\glm\Headers\glm\ext\scalar_uint_sized.hpp
		Solution Items\Dependencies\glm\Headers\glm\ext\scalar_ulp.hpp = Solution Items\Dependencies\glm\Headers\glm\ext\scalar_ulp.hpp
		Solution Items\Dependencies\glm\Headers\glm\ext\scalar_ulp.inl = Solution Items\Dependencies\glm\Headers\glm\ext\scalar_ulp.inl
		Solution Items\Dependencies\glm\Headers\glm\ext\vector_bool1.hpp = Solution Items\Dependencies\glm\Headers\glm\ext\vector_bool1.hpp
		Solution Items\Dependencies\glm\Headers\glm\ext\vector_bool1_precision.hpp = Solution Items\Dependencies\glm\Headers\glm\ext\vector_bool1_precision.hpp
		Solution Items\Dependencies\glm\Headers\glm\ext\vector_bool2.hpp = Solution Items\Dependencies\glm\Headers\glm\ext\vector_bool2.hpp
		Solution Items\Dependencies\glm\Headers\glm\ext\vector_bool2_precision.hpp = Solution Items\Dependencies\glm\Headers\glm\ext\vector_bool2_precision.hpp
		Solution Items\Dependencies\glm\Headers\glm\ext\vector_bool3.hpp = Solution Items\Dependencies\glm\Headers\glm\ext\vector_bool3.hpp
		Solution Items\Dependencies\glm\Headers\glm\ext\vector_bool3_precision.hpp = Solution Items\Dependencies\glm\Headers\glm\ext\vector_bool3_precision.hpp
		Solution Items\Dependencies\glm\Headers\glm\ext\vector_bool4.hpp = Solution Items\Dependencies\glm\Headers\glm\ext\vector_bool4.hpp
		Solution Items\Dependencies\glm\Headers\glm\ext\vector_bool4_precision.hpp = Solution Items\Dependencies\glm\Headers\glm\ext\vector_bool4_precision.hpp
		Solution Items\Dependencies\glm\Headers\glm\ext\vector_common.hpp = Solution Items\Dependencies\glm\Headers\glm\ext\vector_common.hpp
		Solution Items\Dependencies\glm\Headers\glm\ext\vector_common.inl = Solution Items\Dependencies\glm\Headers\glm\ext\vector_common.inl
		Solution Items\Dependencies\glm\Headers\glm\ext\vector_double1.hpp = Solution Items\Dependencies\glm\Headers\glm\ext\vector_double1.hpp
		Solution Items\Dependencies\glm\Headers\glm\ext\vector_double1_precision.hpp = Solution Items\Dependencies\glm\Headers\glm\ext\vector_double1_precision.hpp
		Solution Items\Dependencies\glm\Headers\glm\ext\vector_double2.hpp = Solution Items\Dependencies\glm\Headers\glm\ext\vector_double2.hpp
		Solution Items\Dependencies\glm\Headers\glm\ext\vector_double2_precision.hpp = Solution Items\Dependencies\glm\Headers\glm\ext\vector_double2_precision.hpp
		Solution Items\Dependencies\glm\Headers\glm\ext\vector_double3.hpp = Solution Items\Dependencies\glm\Headers\glm\ext\vector_double3.hpp
		Solution Items\Dependencies\glm\Headers\glm\ext\vector_double3_precision.hpp = Solution Items\Dependencies\glm\Headers\glm\ext\vector_double3_precision.hpp
		Solution Items\Dependencies\glm\Headers\glm\ext\vector_double4.hpp = Solution Items\Dependencies\glm\Headers\glm\ext\vector_double4.hpp
		Solution Items\Dependencies\glm\Headers\glm\ext\vector_double4_precision.hpp = Solution Items\Dependencies\glm\Headers\glm\ext\vector_double4_precision.hpp
		Solution Items\Dependencies\glm\Headers\glm\ext\vector_float1.hpp = Solution Items\Dependencies\glm\Headers\glm\ext\vector_float1.hpp
		Solution Items\Dependencies\glm\Headers\glm\ext\vector_float1_precision.hpp = Solution Items\Dependencies\glm\Headers\glm\ext\vector_float1_precision.hpp
		Solution Items\Dependencies\glm\Headers\glm\ext\vector_float2.hpp = Solution Items\Dependencies\glm\Headers\glm\ext\vector_float2.hpp
		Solution Items\Dependencies\glm\Headers\glm\ext\vector_float2_precision.hpp = Solution Items\Dependencies\glm\Headers\glm\ext\vector_float2_precision.hpp
		Solution Items\Dependencies\glm\Headers\glm\ext\vector_float3.hpp = Solution Items\Dependencies\glm\Headers\glm\ext\vector_float3.hpp
		Solution Items\Dependencies\glm\Headers\glm\ext\vector_float3_precision.hpp = Solution Items\Dependencies\glm\Headers\glm\ext\vector_float3_precision.hpp
		Solution Items\Dependencies\glm\Headers\glm\ext\vector_float4.hpp = Solution Items\Dependencies\glm\Headers\glm\ext\vector_float4.hpp
		Solution Items\Dependencies\glm\Headers\glm\ext\vector_float4_precision.hpp = Solution Items\Dependencies\glm\Headers\glm\ext\vector_float4_precision.hpp
		Solution Items\Dependencies\glm\Headers\glm\ext\vector_int1.hpp = Solution Items\Dependencies\glm\Headers\glm\ext\vector_int1.hpp
		Solution Items\Dependencies\glm\Headers\glm\ext\vector_int1_sized.hpp = Solution Items\Dependencies\glm\Headers\glm\ext\vector_int1_sized.hpp
		Solution Items\Dependencies\glm\Headers\glm\ext\vector_int2.hpp = Solution Items\Dependencies\glm\Headers\glm\ext\vector_int2.hpp
		Solution Items\Dependencies\glm\Headers\glm\ext\vector_int2_sized.hpp = Solution Items\Dependencies\glm\Headers\glm\ext\vector_int2_sized.hpp
		Solution Items\Dependencies\glm\Headers\glm\ext\vector_int3.hpp = Solution Items\Dependencies\glm\Headers\glm\ext\vector_int3.hpp
		Solution Items\Dependencies\glm\Headers\glm\ext\vector_int3_sized.hpp = Solution Items\Dependencies\glm\Headers\glm\ext\vector_int3_sized.hpp
		Solution Items\Dependencies\glm\Headers\glm\ext\vector_int4.hpp = Solution Items\Dependencies\glm\Headers\glm\ext\vector_int4.hpp
		Solution Items\Dependencies\glm\Headers\glm\ext\vector_int4_sized.hpp = Solution Items\Dependencies\glm\Headers\glm\ext\vector_int4_sized.hpp
		Solution Items\Dependencies\glm\Headers\glm\ext\vector_integer.hpp = Solution Items\Dependencies\glm\Headers\glm\ext\vector_integer.hpp
		Solution Items\Dependencies\glm\Headers\glm\ext\vector_integer.inl = Solution Items\Dependencies\glm\Headers\glm\ext\vector_integer.inl
		Solution Items\Dependencies\glm\Headers\glm\ext\vector_packing.hpp = Solution Items\Dependencies\glm\Headers\glm\ext\vector_packing.hpp
		Solution Items\Dependencies\glm\Headers\glm\ext\vector_packing.inl = Solution Items\Dependencies\glm\Headers\glm\ext\vector_packing.inl
		Solution Items\Dependencies\glm\Headers\glm\ext\vector_reciprocal.hpp = Solution Items\Dependencies\glm\Headers\glm\ext\vector_reciprocal.hpp
		Solution Items\Dependencies\glm\Headers\glm\ext\vector_reciprocal.inl = Solution Items\Dependencies\glm\Headers\glm\ext\vector_reciprocal.inl
		Solution Items\Dependencies\glm\Headers\glm\ext\vector_relational.hpp = Solution Items\Dependencies\glm\Headers\glm\ext\vector_relational.hpp
		Solution Items\Dependencies\glm\Headers\glm\ext\vector_relational.inl = Solution Items\Dependencies\glm\Headers\glm\ext\vector_relational.inl
		Solution Items\Dependencies\glm\Headers\glm\ext\vector_uint1.hpp = Solution Items\Dependencies\glm\Headers\glm\ext\vector_uint1.hpp
		Solution Items\Dependencies\glm\Headers\glm\ext\vector_uint1_sized.hpp = Solution Items\Dependencies\glm\Headers\glm\ext\vector_uint1_sized.hpp
		Solution Items\Dependencies\glm\Headers\glm\ext\vector_uint2.hpp = Solution Items\Dependencies\glm\Headers\glm\ext\vector_uint2.hpp
		Solution Items\Dependencies\glm\Headers\glm\ext\vector_uint2_sized.hpp = Solution Items\Dependencies\glm\Headers\glm\ext\vector_uint2_sized.hpp
		Solution Items\Dependencies\glm\Headers\glm\ext\vector_uint3.hpp = Solution Items\Dependencies\glm\Headers\glm\ext\vector_uint3.hpp
		Solution Items\Dependencies\glm\Headers\glm\ext\vector_uint3_sized.hpp = Solution Items\Dependencies\glm\Headers\glm\ext\vector_uint3_sized.hpp
		Solution Items\Dependencies\glm\Headers\glm\ext\vector_uint4.hpp = Solution Items\Dependencies\glm\Headers\glm\ext\vector_uint4.hpp
		Solution Items\Dependencies\glm\Headers\glm\ext\vector_uint4_sized.hpp = Solution Items\Dependencies\glm\Headers\glm\ext\vector_uint4_sized.hpp
		Solution Items\Dependencies\glm\Headers\glm\ext\vector_ulp.hpp = Solution Items\Dependencies\glm\Headers\glm\ext\vector_ulp.hpp
		Solution Items\Dependencies\glm\Headers\glm\ext\vector_ulp.inl = Solution Items\Dependencies\glm\Headers\glm\ext\vector_ulp.inl
		Solution Items\Dependencies\glm\Headers\glm\ext\_matrix_vectorize.hpp = Solution Items\Dependencies\glm\Headers\glm\ext\_matrix_vectorize.hpp
	EndProjectSection
EndProject
Project("{2150E333-8FDC-42A3-9474-1A3956D46DE8}") = "gtc", "gtc", "{C0E7E4E0-597B-4C20-8A4F-C3F0CD1A41E9}"
	ProjectSection(SolutionItems) = preProject
		Solution Items\Dependencies\glm\Headers\glm\gtc\bitfield.hpp = Solution Items\Dependencies\glm\Headers\glm\gtc\bitfield.hpp
		Solution Items\Dependencies\glm\Headers\glm\gtc\bitfield.inl = Solution Items\Dependencies\glm\Headers\glm\gtc\bitfield.inl
		Solution Items\Dependencies\glm\Headers\glm\gtc\color_space.hpp = Solution Items\Dependencies\glm\Headers\glm\gtc\color_space.hpp
		Solution Items\Dependencies\glm\Headers\glm\gtc\color_space.inl = Solution Items\Dependencies\glm\Headers\glm\gtc\color_space.inl
		Solution Items\Dependencies\glm\Headers\glm\gtc\constants.hpp = Solution Items\Dependencies\glm\Headers\glm\gtc\constants.hpp
		Solution Items\Dependencies\glm\Headers\glm\gtc\constants.inl = Solution Items\Dependencies\glm\Headers\glm\gtc\constants.inl
		Solution Items\Dependencies\glm\Headers\glm\gtc\epsilon.hpp = Solution Items\Dependencies\glm\Headers\glm\gtc\epsilon.hpp
		Solution Items\Dependencies\glm\Headers\glm\gtc\epsilon.inl = Solution Items\Dependencies\glm\Headers\glm\gtc\epsilon.inl
		Solution Items\Dependencies\glm\Headers\glm\gtc\integer.hpp = Solution Items\Dependencies\glm\Headers\glm\gtc\integer.hpp
		Solution Items\Dependencies\glm\Headers\glm\gtc\integer.inl = Solution Items\Dependencies\glm\Headers\glm\gtc\integer.inl
		Solution Items\Dependencies\glm\Headers\glm\gtc\matrix_access.hpp = Solution Items\Dependencies\glm\Headers\glm\gtc\matrix_access.hpp
		Solution Items\Dependencies\glm\Headers\glm\gtc\matrix_access.inl = Solution Items\Dependencies\glm\Headers\glm\gtc\matrix_access.inl
		Solution Items\Dependencies\glm\Headers\glm\gtc\matrix_integer.hpp = Solution Items\Dependencies\glm\Headers\glm\gtc\matrix_integer.hpp
		Solution Items\Dependencies\glm\Headers\glm\gtc\matrix_inverse.hpp = Solution Items\Dependencies\glm\Headers\glm\gtc\matrix_inverse.hpp
		Solution Items\Dependencies\glm\Headers\glm\gtc\matrix_inverse.inl = Solution Items\Dependencies\glm\Headers\glm\gtc\matrix_inverse.inl
		Solution Items\Dependencies\glm\Headers\glm\gtc\matrix_transform.hpp = Solution Items\Dependencies\glm\Headers\glm\gtc\matrix_transform.hpp
		Solution Items\Dependencies\glm\Headers\glm\gtc\matrix_transform.inl = Solution Items\Dependencies\glm\Headers\glm\gtc\matrix_transform.inl
		Solution Items\Dependencies\glm\Headers\glm\gtc\noise.hpp = Solution Items\Dependencies\glm\Headers\glm\gtc\noise.hpp
		Solution Items\Dependencies\glm\Headers\glm\gtc\noise.inl = Solution Items\Dependencies\glm\Headers\glm\gtc\noise.inl
		Solution Items\Dependencies\glm\Headers\glm\gtc\packing.hpp = Solution Items\Dependencies\glm\Headers\glm\gtc\packing.hpp
		Solution Items\Dependencies\glm\Headers\glm\gtc\packing.inl = Solution Items\Dependencies\glm\Headers\glm\gtc\packing.inl
		Solution Items\Dependencies\glm\Headers\glm\gtc\quaternion.hpp = Solution Items\Dependencies\glm\Headers\glm\gtc\quaternion.hpp
		Solution Items\Dependencies\glm\Headers\glm\gtc\quaternion.inl = Solution Items\Dependencies\glm\Headers\glm\gtc\quaternion.inl
		Solution Items\Dependencies\glm\Headers\glm\gtc\quaternion_simd.inl = Solution Items\Dependencies\glm\Headers\glm\gtc\quaternion_simd.inl
		Solution Items\Dependencies\glm\Headers\glm\gtc\random.hpp = Solution Items\Dependencies\glm\Headers\glm\gtc\random.hpp
		Solution Items\Dependencies\glm\Headers\glm\gtc\random.inl = Solution Items\Dependencies\glm\Headers\glm\gtc\random.inl
		Solution Items\Dependencies\glm\Headers\glm\gtc\reciprocal.hpp = Solution Items\Dependencies\glm\Headers\glm\gtc\reciprocal.hpp
		Solution Items\Dependencies\glm\Headers\glm\gtc\round.hpp = Solution Items\Dependencies\glm\Headers\glm\gtc\round.hpp
		Solution Items\Dependencies\glm\Headers\glm\gtc\round.inl = Solution Items\Dependencies\glm\Headers\glm\gtc\round.inl
		Solution Items\Dependencies\glm\Headers\glm\gtc\type_aligned.hpp = Solution Items\Dependencies\glm\Headers\glm\gtc\type_aligned.hpp
		Solution Items\Dependencies\glm\Headers\glm\gtc\type_precision.hpp = Solution Items\Dependencies\glm\Headers\glm\gtc\type_precision.hpp
		Solution Items\Dependencies\glm\Headers\glm\gtc\type_precision.inl = Solution Items\Dependencies\glm\Headers\glm\gtc\type_precision.inl
		Solution Items\Dependencies\glm\Headers\glm\gtc\type_ptr.hpp = Solution Items\Dependencies\glm\Headers\glm\gtc\type_ptr.hpp
		Solution Items\Dependencies\glm\Headers\glm\gtc\type_ptr.inl = Solution Items\Dependencies\glm\Headers\glm\gtc\type_ptr.inl
		Solution Items\Dependencies\glm\Headers\glm\gtc\ulp.hpp = Solution Items\Dependencies\glm\Headers\glm\gtc\ulp.hpp
		Solution Items\Dependencies\glm\Headers\glm\gtc\ulp.inl = Solution Items\Dependencies\glm\Headers\glm\gtc\ulp.inl
		Solution Items\Dependencies\glm\Headers\glm\gtc\vec1.hpp = Solution Items\Dependencies\glm\Headers\glm\gtc\vec1.hpp
	EndProjectSection
EndProject
Project("{2150E333-8FDC-42A3-9474-1A3956D46DE8}") = "gtx", "gtx", "{98F96B01-DF5B-443A-819A-382CBA84FBF4}"
	ProjectSection(SolutionItems) = preProject
		Solution Items\Dependencies\glm\Headers\glm\gtx\associated_min_max.hpp = Solution Items\Dependencies\glm\Headers\glm\gtx\associated_min_max.hpp
		Solution Items\Dependencies\glm\Headers\glm\gtx\associated_min_max.inl = Solution Items\Dependencies\glm\Headers\glm\gtx\associated_min_max.inl
		Solution Items\Dependencies\glm\Headers\glm\gtx\bit.hpp = Solution Items\Dependencies\glm\Headers\glm\gtx\bit.hpp
		Solution Items\Dependencies\glm\Headers\glm\gtx\bit.inl = Solution Items\Dependencies\glm\Headers\glm\gtx\bit.inl
		Solution Items\Dependencies\glm\Headers\glm\gtx\closest_point.hpp = Solution Items\Dependencies\glm\Headers\glm\gtx\closest_point.hpp
		Solution Items\Dependencies\glm\Headers\glm\gtx\closest_point.inl = Solution Items\Dependencies\glm\Headers\glm\gtx\closest_point.inl
		Solution Items\Dependencies\glm\Headers\glm\gtx\color_encoding.hpp = Solution Items\Dependencies\glm\Headers\glm\gtx\color_encoding.hpp
		Solution Items\Dependencies\glm\Headers\glm\gtx\color_encoding.inl = Solution Items\Dependencies\glm\Headers\glm\gtx\color_encoding.inl
		Solution Items\Dependencies\glm\Headers\glm\gtx\color_space.hpp = Solution Items\Dependencies\glm\Headers\glm\gtx\color_space.hpp
		Solution Items\Dependencies\glm\Headers\glm\gtx\color_space.inl = Solution Items\Dependencies\glm\Headers\glm\gtx\color_space.inl
		Solution Items\Dependencies\glm\Headers\glm\gtx\color_space_YCoCg.hpp = Solution Items\Dependencies\glm\Headers\glm\gtx\color_space_YCoCg.hpp
		Solution Items\Dependencies\glm\Headers\glm\gtx\color_space_YCoCg.inl = Solution Items\Dependencies\glm\Headers\glm\gtx\color_space_YCoCg.inl
		Solution Items\Dependencies\glm\Headers\glm\gtx\common.hpp = Solution Items\Dependencies\glm\Headers\glm\gtx\common.hpp
		Solution Items\Dependencies\glm\Headers\glm\gtx\common.inl = Solution Items\Dependencies\glm\Headers\glm\gtx\common.inl
		Solution Items\Dependencies\glm\Headers\glm\gtx\compatibility.hpp = Solution Items\Dependencies\glm\Headers\glm\gtx\compatibility.hpp
		Solution Items\Dependencies\glm\Headers\glm\gtx\compatibility.inl = Solution Items\Dependencies\glm\Headers\glm\gtx\compatibility.inl
		Solution Items\Dependencies\glm\Headers\glm\gtx\component_wise.hpp = Solution Items\Dependencies\glm\Headers\glm\gtx\component_wise.hpp
		Solution Items\Dependencies\glm\Headers\glm\gtx\component_wise.inl = Solution Items\Dependencies\glm\Headers\glm\gtx\component_wise.inl
		Solution Items\Dependencies\glm\Headers\glm\gtx\dual_quaternion.hpp = Solution Items\Dependencies\glm\Headers\glm\gtx\dual_quaternion.hpp
		Solution Items\Dependencies\glm\Headers\glm\gtx\dual_quaternion.inl = Solution Items\Dependencies\glm\Headers\glm\gtx\dual_quaternion.inl
		Solution Items\Dependencies\glm\Headers\glm\gtx\easing.hpp = Solution Items\Dependencies\glm\Headers\glm\gtx\easing.hpp
		Solution Items\Dependencies\glm\Headers\glm\gtx\easing.inl = Solution Items\Dependencies\glm\Headers\glm\gtx\easing.inl
		Solution Items\Dependencies\glm\Headers\glm\gtx\euler_angles.hpp = Solution Items\Dependencies\glm\Headers\glm\gtx\euler_angles.hpp
		Solution Items\Dependencies\glm\Headers\glm\gtx\euler_angles.inl = Solution Items\Dependencies\glm\Headers\glm\gtx\euler_angles.inl
		Solution Items\Dependencies\glm\Headers\glm\gtx\extend.hpp = Solution Items\Dependencies\glm\Headers\glm\gtx\extend.hpp
		Solution Items\Dependencies\glm\Headers\glm\gtx\extend.inl = Solution Items\Dependencies\glm\Headers\glm\gtx\extend.inl
		Solution Items\Dependencies\glm\Headers\glm\gtx\extended_min_max.hpp = Solution Items\Dependencies\glm\Headers\glm\gtx\extended_min_max.hpp
		Solution Items\Dependencies\glm\Headers\glm\gtx\extended_min_max.inl = Solution Items\Dependencies\glm\Headers\glm\gtx\extended_min_max.inl
		Solution Items\Dependencies\glm\Headers\glm\gtx\exterior_product.hpp = Solution Items\Dependencies\glm\Headers\glm\gtx\exterior_product.hpp
		Solution Items\Dependencies\glm\Headers\glm\gtx\exterior_product.inl = Solution Items\Dependencies\glm\Headers\glm\gtx\exterior_product.inl
		Solution Items\Dependencies\glm\Headers\glm\gtx\fast_exponential.hpp = Solution Items\Dependencies\glm\Headers\glm\gtx\fast_exponential.hpp
		Solution Items\Dependencies\glm\Headers\glm\gtx\fast_exponential.inl = Solution Items\Dependencies\glm\Headers\glm\gtx\fast_exponential.inl
		Solution Items\Dependencies\glm\Headers\glm\gtx\fast_square_root.hpp = Solution Items\Dependencies\glm\Headers\glm\gtx\fast_square_root.hpp
		Solution Items\Dependencies\glm\Headers\glm\gtx\fast_square_root.inl = Solution Items\Dependencies\glm\Headers\glm\gtx\fast_square_root.inl
		Solution Items\Dependencies\glm\Headers\glm\gtx\fast_trigonometry.hpp = Solution Items\Dependencies\glm\Headers\glm\gtx\fast_trigonometry.hpp
		Solution Items\Dependencies\glm\Headers\glm\gtx\fast_trigonometry.inl = Solution Items\Dependencies\glm\Headers\glm\gtx\fast_trigonometry.inl
		Solution Items\Dependencies\glm\Headers\glm\gtx\float_normalize.inl = Solution Items\Dependencies\glm\Headers\glm\gtx\float_normalize.inl
		Solution Items\Dependencies\glm\Headers\glm\gtx\functions.hpp = Solution Items\Dependencies\glm\Headers\glm\gtx\functions.hpp
		Solution Items\Dependencies\glm\Headers\glm\gtx\functions.inl = Solution Items\Dependencies\glm\Headers\glm\gtx\functions.inl
		Solution Items\Dependencies\glm\Headers\glm\gtx\gradient_paint.hpp = Solution Items\Dependencies\glm\Headers\glm\gtx\gradient_paint.hpp
		Solution Items\Dependencies\glm\Headers\glm\gtx\gradient_paint.inl = Solution Items\Dependencies\glm\Headers\glm\gtx\gradient_paint.inl
		Solution Items\Dependencies\glm\Headers\glm\gtx\handed_coordinate_space.hpp = Solution Items\Dependencies\glm\Headers\glm\gtx\handed_coordinate_space.hpp
		Solution Items\Dependencies\glm\Headers\glm\gtx\handed_coordinate_space.inl = Solution Items\Dependencies\glm\Headers\glm\gtx\handed_coordinate_space.inl
		Solution Items\Dependencies\glm\Headers\glm\gtx\hash.hpp = Solution Items\Dependencies\glm\Headers\glm\gtx\hash.hpp
		Solution Items\Dependencies\glm\Headers\glm\gtx\hash.inl = Solution Items\Dependencies\glm\Headers\glm\gtx\hash.inl
		Solution Items\Dependencies\glm\Headers\glm\gtx\integer.hpp = Solution Items\Dependencies\glm\Headers\glm\gtx\integer.hpp
		Solution Items\Dependencies\glm\Headers\glm\gtx\integer.inl = Solution Items\Dependencies\glm\Headers\glm\gtx\integer.inl
		Solution Items\Dependencies\glm\Headers\glm\gtx\intersect.hpp = Solution Items\Dependencies\glm\Headers\glm\gtx\intersect.hpp
		Solution Items\Dependencies\glm\Headers\glm\gtx\intersect.inl = Solution Items\Dependencies\glm\Headers\glm\gtx\intersect.inl
		Solution Items\Dependencies\glm\Headers\glm\gtx\io.hpp = Solution Items\Dependencies\glm\Headers\glm\gtx\io.hpp
		Solution Items\Dependencies\glm\Headers\glm\gtx\io.inl = Solution Items\Dependencies\glm\Headers\glm\gtx\io.inl
		Solution Items\Dependencies\glm\Headers\glm\gtx\log_base.hpp = Solution Items\Dependencies\glm\Headers\glm\gtx\log_base.hpp
		Solution Items\Dependencies\glm\Headers\glm\gtx\log_base.inl = Solution Items\Dependencies\glm\Headers\glm\gtx\log_base.inl
		Solution Items\Dependencies\glm\Headers\glm\gtx\matrix_cross_product.hpp = Solution Items\Dependencies\glm\Headers\glm\gtx\matrix_cross_product.hpp
		Solution Items\Dependencies\glm\Headers\glm\gtx\matrix_cross_product.inl = Solution Items\Dependencies\glm\Headers\glm\gtx\matrix_cross_product.inl
		Solution Items\Dependencies\glm\Headers\glm\gtx\matrix_decompose.hpp = Solution Items\Dependencies\glm\Headers\glm\gtx\matrix_decompose.hpp
		Solution Items\Dependencies\glm\Headers\glm\gtx\matrix_decompose.inl = Solution Items\Dependencies\glm\Headers\glm\gtx\matrix_decompose.inl
		Solution Items\Dependencies\glm\Headers\glm\gtx\matrix_factorisation.hpp = Solution Items\Dependencies\glm\Headers\glm\gtx\matrix_factorisation.hpp
		Solution Items\Dependencies\glm\Headers\glm\gtx\matrix_factorisation.inl = Solution Items\Dependencies\glm\Headers\glm\gtx\matrix_factorisation.inl
		Solution Items\Dependencies\glm\Headers\glm\gtx\matrix_interpolation.hpp = Solution Items\Dependencies\glm\Headers\glm\gtx\matrix_interpolation.hpp
		Solution Items\Dependencies\glm\Headers\glm\gtx\matrix_interpolation.inl = Solution Items\Dependencies\glm\Headers\glm\gtx\matrix_interpolation.inl
		Solution Items\Dependencies\glm\Headers\glm\gtx\matrix_major_storage.hpp = Solution Items\Dependencies\glm\Headers\glm\gtx\matrix_major_storage.hpp
		Solution Items\Dependencies\glm\Headers\glm\gtx\matrix_major_storage.inl = Solution Items\Dependencies\glm\Headers\glm\gtx\matrix_major_storage.inl
		Solution Items\Dependencies\glm\Headers\glm\gtx\matrix_operation.hpp = Solution Items\Dependencies\glm\Headers\glm\gtx\matrix_operation.hpp
		Solution Items\Dependencies\glm\Headers\glm\gtx\matrix_operation.inl = Solution Items\Dependencies\glm\Headers\glm\gtx\matrix_operation.inl
		Solution Items\Dependencies\glm\Headers\glm\gtx\matrix_query.hpp = Solution Items\Dependencies\glm\Headers\glm\gtx\matrix_query.hpp
		Solution Items\Dependencies\glm\Headers\glm\gtx\matrix_query.inl = Solution Items\Dependencies\glm\Headers\glm\gtx\matrix_query.inl
		Solution Items\Dependencies\glm\Headers\glm\gtx\matrix_transform_2d.hpp = Solution Items\Dependencies\glm\Headers\glm\gtx\matrix_transform_2d.hpp
		Solution Items\Dependencies\glm\Headers\glm\gtx\matrix_transform_2d.inl = Solution Items\Dependencies\glm\Headers\glm\gtx\matrix_transform_2d.inl
		Solution Items\Dependencies\glm\Headers\glm\gtx\mixed_product.hpp = Solution Items\Dependencies\glm\Headers\glm\gtx\mixed_product.hpp
		Solution Items\Dependencies\glm\Headers\glm\gtx\mixed_product.inl = Solution Items\Dependencies\glm\Headers\glm\gtx\mixed_product.inl
		Solution Items\Dependencies\glm\Headers\glm\gtx\norm.hpp = Solution Items\Dependencies\glm\Headers\glm\gtx\norm.hpp
		Solution Items\Dependencies\glm\Headers\glm\gtx\norm.inl = Solution Items\Dependencies\glm\Headers\glm\gtx\norm.inl
		Solution Items\Dependencies\glm\Headers\glm\gtx\normal.hpp = Solution Items\Dependencies\glm\Headers\glm\gtx\normal.hpp
		Solution Items\Dependencies\glm\Headers\glm\gtx\normal.inl = Solution Items\Dependencies\glm\Headers\glm\gtx\normal.inl
		Solution Items\Dependencies\glm\Headers\glm\gtx\normalize_dot.hpp = Solution Items\Dependencies\glm\Headers\glm\gtx\normalize_dot.hpp
		Solution Items\Dependencies\glm\Headers\glm\gtx\normalize_dot.inl = Solution Items\Dependencies\glm\Headers\glm\gtx\normalize_dot.inl
		Solution Items\Dependencies\glm\Headers\glm\gtx\number_precision.hpp = Solution Items\Dependencies\glm\Headers\glm\gtx\number_precision.hpp
		Solution Items\Dependencies\glm\Headers\glm\gtx\optimum_pow.hpp = Solution Items\Dependencies\glm\Headers\glm\gtx\optimum_pow.hpp
		Solution Items\Dependencies\glm\Headers\glm\gtx\optimum_pow.inl = Solution Items\Dependencies\glm\Headers\glm\gtx\optimum_pow.inl
		Solution Items\Dependencies\glm\Headers\glm\gtx\orthonormalize.hpp = Solution Items\Dependencies\glm\Headers\glm\gtx\orthonormalize.hpp
		Solution Items\Dependencies\glm\Headers\glm\gtx\orthonormalize.inl = Solution Items\Dependencies\glm\Headers\glm\gtx\orthonormalize.inl
		Solution Items\Dependencies\glm\Headers\glm\gtx\pca.hpp = Solution Items\Dependencies\glm\Headers\glm\gtx\pca.hpp
		Solution Items\Dependencies\glm\Headers\glm\gtx\pca.inl = Solution Items\Dependencies\glm\Headers\glm\gtx\pca.inl
		Solution Items\Dependencies\glm\Headers\glm\gtx\perpendicular.hpp = Solution Items\Dependencies\glm\Headers\glm\gtx\perpendicular.hpp
		Solution Items\Dependencies\glm\Headers\glm\gtx\perpendicular.inl = Solution Items\Dependencies\glm\Headers\glm\gtx\perpendicular.inl
		Solution Items\Dependencies\glm\Headers\glm\gtx\polar_coordinates.hpp = Solution Items\Dependencies\glm\Headers\glm\gtx\polar_coordinates.hpp
		Solution Items\Dependencies\glm\Headers\glm\gtx\polar_coordinates.inl = Solution Items\Dependencies\glm\Headers\glm\gtx\polar_coordinates.inl
		Solution Items\Dependencies\glm\Headers\glm\gtx\projection.hpp = Solution Items\Dependencies\glm\Headers\glm\gtx\projection.hpp
		Solution Items\Dependencies\glm\Headers\glm\gtx\projection.inl = Solution Items\Dependencies\glm\Headers\glm\gtx\projection.inl
		Solution Items\Dependencies\glm\Headers\glm\gtx\quaternion.hpp = Solution Items\Dependencies\glm\Headers\glm\gtx\quaternion.hpp
		Solution Items\Dependencies\glm\Headers\glm\gtx\quaternion.inl = Solution Items\Dependencies\glm\Headers\glm\gtx\quaternion.inl
		Solution Items\Dependencies\glm\Headers\glm\gtx\range.hpp = Solution Items\Dependencies\glm\Headers\glm\gtx\range.hpp
		Solution Items\Dependencies\glm\Headers\glm\gtx\raw_data.hpp = Solution Items\Dependencies\glm\Headers\glm\gtx\raw_data.hpp
		Solution Items\Dependencies\glm\Headers\glm\gtx\raw_data.inl = Solution Items\Dependencies\glm\Headers\glm\gtx\raw_data.inl
		Solution Items\Dependencies\glm\Headers\glm\gtx\rotate_normalized_axis.hpp = Solution Items\Dependencies\glm\Headers\glm\gtx\rotate_normalized_axis.hpp
		Solution Items\Dependencies\glm\Headers\glm\gtx\rotate_normalized_axis.inl = Solution Items\Dependencies\glm\Headers\glm\gtx\rotate_normalized_axis.inl
		Solution Items\Dependencies\glm\Headers\glm\gtx\rotate_vector.hpp = Solution Items\Dependencies\glm\Headers\glm\gtx\rotate_vector.hpp
		Solution Items\Dependencies\glm\Headers\glm\gtx\rotate_vector.inl = Solution Items\Dependencies\glm\Headers\glm\gtx\rotate_vector.inl
		Solution Items\Dependencies\glm\Headers\glm\gtx\scalar_multiplication.hpp = Solution Items\Dependencies\glm\Headers\glm\gtx\scalar_multiplication.hpp
		Solution Items\Dependencies\glm\Headers\glm\gtx\scalar_relational.hpp = Solution Items\Dependencies\glm\Headers\glm\gtx\scalar_relational.hpp
		Solution Items\Dependencies\glm\Headers\glm\gtx\scalar_relational.inl = Solution Items\Dependencies\glm\Headers\glm\gtx\scalar_relational.inl
		Solution Items\Dependencies\glm\Headers\glm\gtx\spline.hpp = Solution Items\Dependencies\glm\Headers\glm\gtx\spline.hpp
		Solution Items\Dependencies\glm\Headers\glm\gtx\spline.inl = Solution Items\Dependencies\glm\Headers\glm\gtx\spline.inl
		Solution Items\Dependencies\glm\Headers\glm\gtx\std_based_type.hpp = Solution Items\Dependencies\glm\Headers\glm\gtx\std_based_type.hpp
		Solution Items\Dependencies\glm\Headers\glm\gtx\std_based_type.inl = Solution Items\Dependencies\glm\Headers\glm\gtx\std_based_type.inl
		Solution Items\Dependencies\glm\Headers\glm\gtx\string_cast.hpp = Solution Items\Dependencies\glm\Headers\glm\gtx\string_cast.hpp
		Solution Items\Dependencies\glm\Headers\glm\gtx\string_cast.inl = Solution Items\Dependencies\glm\Headers\glm\gtx\string_cast.inl
		Solution Items\Dependencies\glm\Headers\glm\gtx\texture.hpp = Solution Items\Dependencies\glm\Headers\glm\gtx\texture.hpp
		Solution Items\Dependencies\glm\Headers\glm\gtx\texture.inl = Solution Items\Dependencies\glm\Headers\glm\gtx\texture.inl
		Solution Items\Dependencies\glm\Headers\glm\gtx\transform.hpp = Solution Items\Dependencies\glm\Headers\glm\gtx\transform.hpp
		Solution Items\Dependencies\glm\Headers\glm\gtx\transform.inl = Solution Items\Dependencies\glm\Headers\glm\gtx\transform.inl
		Solution Items\Dependencies\glm\Headers\glm\gtx\transform2.hpp = Solution Items\Dependencies\glm\Headers\glm\gtx\transform2.hpp
		Solution Items\Dependencies\glm\Headers\glm\gtx\transform2.inl = Solution Items\Dependencies\glm\Headers\glm\gtx\transform2.inl
		Solution Items\Dependencies\glm\Headers\glm\gtx\type_aligned.hpp = Solution Items\Dependencies\glm\Headers\glm\gtx\type_aligned.hpp
		Solution Items\Dependencies\glm\Headers\glm\gtx\type_aligned.inl = Solution Items\Dependencies\glm\Headers\glm\gtx\type_aligned.inl
		Solution Items\Dependencies\glm\Headers\glm\gtx\type_trait.hpp = Solution Items\Dependencies\glm\Headers\glm\gtx\type_trait.hpp
		Solution Items\Dependencies\glm\Headers\glm\gtx\type_trait.inl = Solution Items\Dependencies\glm\Headers\glm\gtx\type_trait.inl
		Solution Items\Dependencies\glm\Headers\glm\gtx\vector_angle.hpp = Solution Items\Dependencies\glm\Headers\glm\gtx\vector_angle.hpp
		Solution Items\Dependencies\glm\Headers\glm\gtx\vector_angle.inl = Solution Items\Dependencies\glm\Headers\glm\gtx\vector_angle.inl
		Solution Items\Dependencies\glm\Headers\glm\gtx\vector_query.hpp = Solution Items\Dependencies\glm\Headers\glm\gtx\vector_query.hpp
		Solution Items\Dependencies\glm\Headers\glm\gtx\vector_query.inl = Solution Items\Dependencies\glm\Headers\glm\gtx\vector_query.inl
		Solution Items\Dependencies\glm\Headers\glm\gtx\vec_swizzle.hpp = Solution Items\Dependencies\glm\Headers\glm\gtx\vec_swizzle.hpp
		Solution Items\Dependencies\glm\Headers\glm\gtx\wrap.hpp = Solution Items\Dependencies\glm\Headers\glm\gtx\wrap.hpp
		Solution Items\Dependencies\glm\Headers\glm\gtx\wrap.inl = Solution Items\Dependencies\glm\Headers\glm\gtx\wrap.inl
	EndProjectSection
EndProject
Project("{2150E333-8FDC-42A3-9474-1A3956D46DE8}") = "simd", "simd", "{259F9028-8816-498A-99A4-E61CEEA25F08}"
	ProjectSection(SolutionItems) = preProject
		Solution Items\Dependencies\glm\Headers\glm\simd\common.h = Solution Items\Dependencies\glm\Headers\glm\simd\common.h
		Solution Items\Dependencies\glm\Headers\glm\simd\exponential.h = Solution Items\Dependencies\glm\Headers\glm\simd\exponential.h
		Solution Items\Dependencies\glm\Headers\glm\simd\geometric.h = Solution Items\Dependencies\glm\Headers\glm\simd\geometric.h
		Solution Items\Dependencies\glm\Headers\glm\simd\integer.h = Solution Items\Dependencies\glm\Headers\glm\simd\integer.h
		Solution Items\Dependencies\glm\Headers\glm\simd\matrix.h = Solution Items\Dependencies\glm\Headers\glm\simd\matrix.h
		Solution Items\Dependencies\glm\Headers\glm\simd\neon.h = Solution Items\Dependencies\glm\Headers\glm\simd\neon.h
		Solution Items\Dependencies\glm\Headers\glm\simd\packing.h = Solution Items\Dependencies\glm\Headers\glm\simd\packing.h
		Solution Items\Dependencies\glm\Headers\glm\simd\platform.h = Solution Items\Dependencies\glm\Headers\glm\simd\platform.h
		Solution Items\Dependencies\glm\Headers\glm\simd\trigonometric.h = Solution Items\Dependencies\glm\Headers\glm\simd\trigonometric.h
		Solution Items\Dependencies\glm\Headers\glm\simd\vector_relational.h = Solution Items\Dependencies\glm\Headers\glm\simd\vector_relational.h
	EndProjectSection
EndProject
Global
	GlobalSection(SolutionConfigurationPlatforms) = preSolution
		Debug|x64 = Debug|x64
		Debug|x86 = Debug|x86
		Release|x64 = Release|x64
		Release|x86 = Release|x86
	EndGlobalSection
	GlobalSection(ProjectConfigurationPlatforms) = postSolution
		{6B6732BF-D666-40FF-8BCA-F8ABD9AE4AA2}.Debug|x64.ActiveCfg = Debug|x64
		{6B6732BF-D666-40FF-8BCA-F8ABD9AE4AA2}.Debug|x64.Build.0 = Debug|x64
		{6B6732BF-D666-40FF-8BCA-F8ABD9AE4AA2}.Debug|x86.ActiveCfg = Debug|Win32
		{6B6732BF-D666-40FF-8BCA-F8ABD9AE4AA2}.Debug|x86.Build.0 = Debug|Win32
		{6B6732BF-D666-40FF-8BCA-F8ABD9AE4AA2}.Release|x64.ActiveCfg = Release|x64
		{6B6732BF-D666-40FF-8BCA-F8ABD9AE4AA2}.Release|x64.Build.0 = Release|x64
		{6B6732BF-D666-40FF-8BCA-F8ABD9AE4AA2}.Release|x86.ActiveCfg = Release|Win32
		{6B6732BF-D666-40FF-8BCA-F8ABD9AE4AA2}.Release|x86.Build.0 = Release|Win32
		{D4C6484A-D1BE-4B87-8E32-BA5246A3EF4A}.Debug|x64.ActiveCfg = Debug|x64
		{D4C6484A-D1BE-4B87-8E32-BA5246A3EF4A}.Debug|x64.Build.0 = Debug|x64
		{D4C6484A-D1BE-4B87-8E32-BA5246A3EF4A}.Debug|x86.ActiveCfg = Debug|Win32
		{D4C6484A-D1BE-4B87-8E32-BA5246A3EF4A}.Debug|x86.Build.0 = Debug|Win32
		{D4C6484A-D1BE-4B87-8E32-BA5246A3EF4A}.Release|x64.ActiveCfg = Release|x64
		{D4C6484A-D1BE-4B87-8E32-BA5246A3EF4A}.Release|x64.Build.0 = Release|x64
		{D4C6484A-D1BE-4B87-8E32-BA5246A3EF4A}.Release|x86.ActiveCfg = Release|Win32
		{D4C6484A-D1BE-4B87-8E32-BA5246A3EF4A}.Release|x86.Build.0 = Release|Win32
	EndGlobalSection
	GlobalSection(SolutionProperties) = preSolution
		HideSolutionNode = FALSE
	EndGlobalSection
	GlobalSection(NestedProjects) = preSolution
		{E9BDB464-ED26-4B44-A542-5EBEABE047AB} = {73947F39-3797-4C75-B010-C5AB3E421D68}
		{549E29FF-E16B-4802-A59F-3690F9B7DE44} = {E9BDB464-ED26-4B44-A542-5EBEABE047AB}
		{3EA2BBE3-A73B-4511-918C-970A847959AC} = {549E29FF-E16B-4802-A59F-3690F9B7DE44}
		{6B6C6761-A65F-42DB-95D7-723E80458D3B} = {549E29FF-E16B-4802-A59F-3690F9B7DE44}
		{9A5FED29-3586-4195-8253-D74C1CBE56D9} = {6B6C6761-A65F-42DB-95D7-723E80458D3B}
		{7EECA23E-174E-48D3-8531-6B90578BEFAA} = {6B6C6761-A65F-42DB-95D7-723E80458D3B}
		{2211FFB9-952C-4EC9-957D-2159D2710646} = {7EECA23E-174E-48D3-8531-6B90578BEFAA}
		{4A60F412-2496-4F54-8272-DE6F583CE318} = {7EECA23E-174E-48D3-8531-6B90578BEFAA}
		{BB052271-05ED-4ABC-8397-E8E5024E8E33} = {9A5FED29-3586-4195-8253-D74C1CBE56D9}
		{9E8777C9-E420-418D-86B8-2C38D3ED14A2} = {9A5FED29-3586-4195-8253-D74C1CBE56D9}
		{7C770357-6849-4DAE-BD34-53CB48BA24BD} = {E9BDB464-ED26-4B44-A542-5EBEABE047AB}
		{8B0AB255-281D-4203-A971-D98F435F1B73} = {7C770357-6849-4DAE-BD34-53CB48BA24BD}
		{F39A11AC-E582-4114-B459-7C35CB1E18A6} = {8B0AB255-281D-4203-A971-D98F435F1B73}
		{2EDD9527-871A-4E71-A231-F9F77B961158} = {F39A11AC-E582-4114-B459-7C35CB1E18A6}
		{9F700C41-033F-4F8A-BD53-97E40EA0F7A9} = {F39A11AC-E582-4114-B459-7C35CB1E18A6}
		{C0E7E4E0-597B-4C20-8A4F-C3F0CD1A41E9} = {F39A11AC-E582-4114-B459-7C35CB1E18A6}
		{98F96B01-DF5B-443A-819A-382CBA84FBF4} = {F39A11AC-E582-4114-B459-7C35CB1E18A6}
		{259F9028-8816-498A-99A4-E61CEEA25F08} = {F39A11AC-E582-4114-B459-7C35CB1E18A6}
	EndGlobalSection
	GlobalSection(ExtensibilityGlobals) = postSolution
		SolutionGuid = {6E2B23BE-6946-4FD3-B64C-78D81C8AEF14}
	EndGlobalSection
EndGlobal
